// !$*UTF8*$!
{
	archiveVersion = 1;
	classes = {
	};
	objectVersion = 50;
	objects = {

/* Begin PBXBuildFile section */
		A3A9BD1B218785D300B7206E /* AppDelegate.swift in Sources */ = {isa = PBXBuildFile; fileRef = A3A9BD1A218785D300B7206E /* AppDelegate.swift */; };
		A3A9BD20218785D300B7206E /* Main.storyboard in Resources */ = {isa = PBXBuildFile; fileRef = A3A9BD1E218785D300B7206E /* Main.storyboard */; };
		A3A9BD23218785D300B7206E /* Nota_Bina.xcdatamodeld in Sources */ = {isa = PBXBuildFile; fileRef = A3A9BD21218785D300B7206E /* Nota_Bina.xcdatamodeld */; };
		A3A9BD25218785DB00B7206E /* Assets.xcassets in Resources */ = {isa = PBXBuildFile; fileRef = A3A9BD24218785DB00B7206E /* Assets.xcassets */; };
		A3A9BD28218785DB00B7206E /* LaunchScreen.storyboard in Resources */ = {isa = PBXBuildFile; fileRef = A3A9BD26218785DB00B7206E /* LaunchScreen.storyboard */; };
		A3A9BD302187870900B7206E /* NotesTableViewController.swift in Sources */ = {isa = PBXBuildFile; fileRef = A3A9BD2F2187870900B7206E /* NotesTableViewController.swift */; };
		A3A9BD3221878E5B00B7206E /* AddAndEditNoteViewController.swift in Sources */ = {isa = PBXBuildFile; fileRef = A3A9BD3121878E5B00B7206E /* AddAndEditNoteViewController.swift */; };
		A3CFC2C92188FAB2005C02A6 /* Note.swift in Sources */ = {isa = PBXBuildFile; fileRef = A3CFC2C82188FAB2005C02A6 /* Note.swift */; };
		A3EC3337218C59D500807E74 /* NoteTableViewCell.swift in Sources */ = {isa = PBXBuildFile; fileRef = A3EC3336218C59D500807E74 /* NoteTableViewCell.swift */; };
		A3FA3EBC218B79A700AB282B /* DataManager.swift in Sources */ = {isa = PBXBuildFile; fileRef = A3FA3EBB218B79A700AB282B /* DataManager.swift */; };
		A3FA3EC0218B7A4B00AB282B /* NotesListPresenter.swift in Sources */ = {isa = PBXBuildFile; fileRef = A3FA3EBF218B7A4B00AB282B /* NotesListPresenter.swift */; };
		A3FA3EC3218B7AA300AB282B /* NoteDetailsPresenter.swift in Sources */ = {isa = PBXBuildFile; fileRef = A3FA3EC2218B7AA300AB282B /* NoteDetailsPresenter.swift */; };
/* End PBXBuildFile section */

/* Begin PBXFileReference section */
		A3A9BD17218785D300B7206E /* Nota Bina.app */ = {isa = PBXFileReference; explicitFileType = wrapper.application; includeInIndex = 0; path = "Nota Bina.app"; sourceTree = BUILT_PRODUCTS_DIR; };
		A3A9BD1A218785D300B7206E /* AppDelegate.swift */ = {isa = PBXFileReference; lastKnownFileType = sourcecode.swift; path = AppDelegate.swift; sourceTree = "<group>"; };
		A3A9BD1F218785D300B7206E /* Base */ = {isa = PBXFileReference; lastKnownFileType = file.storyboard; name = Base; path = Base.lproj/Main.storyboard; sourceTree = "<group>"; };
		A3A9BD22218785D300B7206E /* Nota_Bina.xcdatamodel */ = {isa = PBXFileReference; lastKnownFileType = wrapper.xcdatamodel; path = Nota_Bina.xcdatamodel; sourceTree = "<group>"; };
		A3A9BD24218785DB00B7206E /* Assets.xcassets */ = {isa = PBXFileReference; lastKnownFileType = folder.assetcatalog; path = Assets.xcassets; sourceTree = "<group>"; };
		A3A9BD27218785DB00B7206E /* Base */ = {isa = PBXFileReference; lastKnownFileType = file.storyboard; name = Base; path = Base.lproj/LaunchScreen.storyboard; sourceTree = "<group>"; };
		A3A9BD29218785DB00B7206E /* Info.plist */ = {isa = PBXFileReference; lastKnownFileType = text.plist.xml; path = Info.plist; sourceTree = "<group>"; };
		A3A9BD2F2187870900B7206E /* NotesTableViewController.swift */ = {isa = PBXFileReference; lastKnownFileType = sourcecode.swift; path = NotesTableViewController.swift; sourceTree = "<group>"; };
		A3A9BD3121878E5B00B7206E /* AddAndEditNoteViewController.swift */ = {isa = PBXFileReference; lastKnownFileType = sourcecode.swift; path = AddAndEditNoteViewController.swift; sourceTree = "<group>"; };
		A3CFC2C82188FAB2005C02A6 /* Note.swift */ = {isa = PBXFileReference; lastKnownFileType = sourcecode.swift; path = Note.swift; sourceTree = "<group>"; };
		A3EC3336218C59D500807E74 /* NoteTableViewCell.swift */ = {isa = PBXFileReference; lastKnownFileType = sourcecode.swift; path = NoteTableViewCell.swift; sourceTree = "<group>"; };
		A3FA3EBB218B79A700AB282B /* DataManager.swift */ = {isa = PBXFileReference; lastKnownFileType = sourcecode.swift; path = DataManager.swift; sourceTree = "<group>"; };
		A3FA3EBF218B7A4B00AB282B /* NotesListPresenter.swift */ = {isa = PBXFileReference; lastKnownFileType = sourcecode.swift; path = NotesListPresenter.swift; sourceTree = "<group>"; };
		A3FA3EC2218B7AA300AB282B /* NoteDetailsPresenter.swift */ = {isa = PBXFileReference; lastKnownFileType = sourcecode.swift; path = NoteDetailsPresenter.swift; sourceTree = "<group>"; };
/* End PBXFileReference section */

/* Begin PBXFrameworksBuildPhase section */
		A3A9BD14218785D300B7206E /* Frameworks */ = {
			isa = PBXFrameworksBuildPhase;
			buildActionMask = 2147483647;
			files = (
			);
			runOnlyForDeploymentPostprocessing = 0;
		};
/* End PBXFrameworksBuildPhase section */

/* Begin PBXGroup section */
		A3A9BD0E218785D300B7206E = {
			isa = PBXGroup;
			children = (
				A3A9BD19218785D300B7206E /* Nota Bina */,
				A3A9BD18218785D300B7206E /* Products */,
			);
			sourceTree = "<group>";
		};
		A3A9BD18218785D300B7206E /* Products */ = {
			isa = PBXGroup;
			children = (
				A3A9BD17218785D300B7206E /* Nota Bina.app */,
			);
			name = Products;
			sourceTree = "<group>";
		};
		A3A9BD19218785D300B7206E /* Nota Bina */ = {
			isa = PBXGroup;
			children = (
				A3FA3EBD218B79E600AB282B /* Notes Module */,
				A3A9BD1A218785D300B7206E /* AppDelegate.swift */,
				A3A9BD1E218785D300B7206E /* Main.storyboard */,
				A3A9BD24218785DB00B7206E /* Assets.xcassets */,
				A3A9BD26218785DB00B7206E /* LaunchScreen.storyboard */,
				A3A9BD29218785DB00B7206E /* Info.plist */,
				A3A9BD21218785D300B7206E /* Nota_Bina.xcdatamodeld */,
			);
			path = "Nota Bina";
			sourceTree = "<group>";
		};
		A3FA3EBA218B797C00AB282B /* Model */ = {
			isa = PBXGroup;
			children = (
				A3CFC2C82188FAB2005C02A6 /* Note.swift */,
				A3FA3EBB218B79A700AB282B /* DataManager.swift */,
			);
			path = Model;
			sourceTree = "<group>";
		};
		A3FA3EBD218B79E600AB282B /* Notes Module */ = {
			isa = PBXGroup;
			children = (
				A3FA3EC1218B7A8400AB282B /* Note Details */,
				A3FA3EBE218B7A2D00AB282B /* Notes List */,
				A3FA3EBA218B797C00AB282B /* Model */,
				A3EC3336218C59D500807E74 /* NoteTableViewCell.swift */,
			);
			path = "Notes Module";
			sourceTree = "<group>";
		};
		A3FA3EBE218B7A2D00AB282B /* Notes List */ = {
			isa = PBXGroup;
			children = (
				A3A9BD2F2187870900B7206E /* NotesTableViewController.swift */,
				A3FA3EBF218B7A4B00AB282B /* NotesListPresenter.swift */,
			);
			path = "Notes List";
			sourceTree = "<group>";
		};
		A3FA3EC1218B7A8400AB282B /* Note Details */ = {
			isa = PBXGroup;
			children = (
				A3A9BD3121878E5B00B7206E /* AddAndEditNoteViewController.swift */,
				A3FA3EC2218B7AA300AB282B /* NoteDetailsPresenter.swift */,
			);
			path = "Note Details";
			sourceTree = "<group>";
		};
/* End PBXGroup section */

/* Begin PBXNativeTarget section */
		A3A9BD16218785D300B7206E /* Nota Bina */ = {
			isa = PBXNativeTarget;
			buildConfigurationList = A3A9BD2C218785DB00B7206E /* Build configuration list for PBXNativeTarget "Nota Bina" */;
			buildPhases = (
				A3A9BD13218785D300B7206E /* Sources */,
				A3A9BD14218785D300B7206E /* Frameworks */,
				A3A9BD15218785D300B7206E /* Resources */,
			);
			buildRules = (
			);
			dependencies = (
			);
			name = "Nota Bina";
			productName = "Nota Bina";
			productReference = A3A9BD17218785D300B7206E /* Nota Bina.app */;
			productType = "com.apple.product-type.application";
		};
/* End PBXNativeTarget section */

/* Begin PBXProject section */
		A3A9BD0F218785D300B7206E /* Project object */ = {
			isa = PBXProject;
			attributes = {
				LastSwiftUpdateCheck = 1000;
				LastUpgradeCheck = 1000;
				ORGANIZATIONNAME = Tryvin;
				TargetAttributes = {
					A3A9BD16218785D300B7206E = {
						CreatedOnToolsVersion = 10.0;
					};
				};
			};
			buildConfigurationList = A3A9BD12218785D300B7206E /* Build configuration list for PBXProject "Nota Bina" */;
			compatibilityVersion = "Xcode 9.3";
			developmentRegion = en;
			hasScannedForEncodings = 0;
			knownRegions = (
				en,
				Base,
			);
			mainGroup = A3A9BD0E218785D300B7206E;
			productRefGroup = A3A9BD18218785D300B7206E /* Products */;
			projectDirPath = "";
			projectRoot = "";
			targets = (
				A3A9BD16218785D300B7206E /* Nota Bina */,
			);
		};
/* End PBXProject section */

/* Begin PBXResourcesBuildPhase section */
		A3A9BD15218785D300B7206E /* Resources */ = {
			isa = PBXResourcesBuildPhase;
			buildActionMask = 2147483647;
			files = (
				A3A9BD28218785DB00B7206E /* LaunchScreen.storyboard in Resources */,
				A3A9BD25218785DB00B7206E /* Assets.xcassets in Resources */,
				A3A9BD20218785D300B7206E /* Main.storyboard in Resources */,
			);
			runOnlyForDeploymentPostprocessing = 0;
		};
/* End PBXResourcesBuildPhase section */

/* Begin PBXSourcesBuildPhase section */
		A3A9BD13218785D300B7206E /* Sources */ = {
			isa = PBXSourcesBuildPhase;
			buildActionMask = 2147483647;
			files = (
				A3CFC2C92188FAB2005C02A6 /* Note.swift in Sources */,
				A3FA3EC3218B7AA300AB282B /* NoteDetailsPresenter.swift in Sources */,
				A3FA3EBC218B79A700AB282B /* DataManager.swift in Sources */,
				A3FA3EC0218B7A4B00AB282B /* NotesListPresenter.swift in Sources */,
				A3A9BD3221878E5B00B7206E /* AddAndEditNoteViewController.swift in Sources */,
				A3EC3337218C59D500807E74 /* NoteTableViewCell.swift in Sources */,
				A3A9BD23218785D300B7206E /* Nota_Bina.xcdatamodeld in Sources */,
				A3A9BD1B218785D300B7206E /* AppDelegate.swift in Sources */,
				A3A9BD302187870900B7206E /* NotesTableViewController.swift in Sources */,
			);
			runOnlyForDeploymentPostprocessing = 0;
		};
/* End PBXSourcesBuildPhase section */

/* Begin PBXVariantGroup section */
		A3A9BD1E218785D300B7206E /* Main.storyboard */ = {
			isa = PBXVariantGroup;
			children = (
				A3A9BD1F218785D300B7206E /* Base */,
			);
			name = Main.storyboard;
			sourceTree = "<group>";
		};
		A3A9BD26218785DB00B7206E /* LaunchScreen.storyboard */ = {
			isa = PBXVariantGroup;
			children = (
				A3A9BD27218785DB00B7206E /* Base */,
			);
			name = LaunchScreen.storyboard;
			sourceTree = "<group>";
		};
/* End PBXVariantGroup section */

/* Begin XCBuildConfiguration section */
		A3A9BD2A218785DB00B7206E /* Debug */ = {
			isa = XCBuildConfiguration;
			buildSettings = {
				ALWAYS_SEARCH_USER_PATHS = NO;
				CLANG_ANALYZER_NONNULL = YES;
				CLANG_ANALYZER_NUMBER_OBJECT_CONVERSION = YES_AGGRESSIVE;
				CLANG_CXX_LANGUAGE_STANDARD = "gnu++14";
				CLANG_CXX_LIBRARY = "libc++";
				CLANG_ENABLE_MODULES = YES;
				CLANG_ENABLE_OBJC_ARC = YES;
				CLANG_ENABLE_OBJC_WEAK = YES;
				CLANG_WARN_BLOCK_CAPTURE_AUTORELEASING = YES;
				CLANG_WARN_BOOL_CONVERSION = YES;
				CLANG_WARN_COMMA = YES;
				CLANG_WARN_CONSTANT_CONVERSION = YES;
				CLANG_WARN_DEPRECATED_OBJC_IMPLEMENTATIONS = YES;
				CLANG_WARN_DIRECT_OBJC_ISA_USAGE = YES_ERROR;
				CLANG_WARN_DOCUMENTATION_COMMENTS = YES;
				CLANG_WARN_EMPTY_BODY = YES;
				CLANG_WARN_ENUM_CONVERSION = YES;
				CLANG_WARN_INFINITE_RECURSION = YES;
				CLANG_WARN_INT_CONVERSION = YES;
				CLANG_WARN_NON_LITERAL_NULL_CONVERSION = YES;
				CLANG_WARN_OBJC_IMPLICIT_RETAIN_SELF = YES;
				CLANG_WARN_OBJC_LITERAL_CONVERSION = YES;
				CLANG_WARN_OBJC_ROOT_CLASS = YES_ERROR;
				CLANG_WARN_RANGE_LOOP_ANALYSIS = YES;
				CLANG_WARN_STRICT_PROTOTYPES = YES;
				CLANG_WARN_SUSPICIOUS_MOVE = YES;
				CLANG_WARN_UNGUARDED_AVAILABILITY = YES_AGGRESSIVE;
				CLANG_WARN_UNREACHABLE_CODE = YES;
				CLANG_WARN__DUPLICATE_METHOD_MATCH = YES;
				CODE_SIGN_IDENTITY = "iPhone Developer";
				COPY_PHASE_STRIP = NO;
				DEBUG_INFORMATION_FORMAT = dwarf;
				ENABLE_STRICT_OBJC_MSGSEND = YES;
				ENABLE_TESTABILITY = YES;
				GCC_C_LANGUAGE_STANDARD = gnu11;
				GCC_DYNAMIC_NO_PIC = NO;
				GCC_NO_COMMON_BLOCKS = YES;
				GCC_OPTIMIZATION_LEVEL = 0;
				GCC_PREPROCESSOR_DEFINITIONS = (
					"DEBUG=1",
					"$(inherited)",
				);
				GCC_WARN_64_TO_32_BIT_CONVERSION = YES;
				GCC_WARN_ABOUT_RETURN_TYPE = YES_ERROR;
				GCC_WARN_UNDECLARED_SELECTOR = YES;
				GCC_WARN_UNINITIALIZED_AUTOS = YES_AGGRESSIVE;
				GCC_WARN_UNUSED_FUNCTION = YES;
				GCC_WARN_UNUSED_VARIABLE = YES;
				IPHONEOS_DEPLOYMENT_TARGET = 12.0;
				MTL_ENABLE_DEBUG_INFO = INCLUDE_SOURCE;
				MTL_FAST_MATH = YES;
				ONLY_ACTIVE_ARCH = YES;
				SDKROOT = iphoneos;
				SWIFT_ACTIVE_COMPILATION_CONDITIONS = DEBUG;
				SWIFT_OPTIMIZATION_LEVEL = "-Onone";
			};
			name = Debug;
		};
		A3A9BD2B218785DB00B7206E /* Release */ = {
			isa = XCBuildConfiguration;
			buildSettings = {
				ALWAYS_SEARCH_USER_PATHS = NO;
				CLANG_ANALYZER_NONNULL = YES;
				CLANG_ANALYZER_NUMBER_OBJECT_CONVERSION = YES_AGGRESSIVE;
				CLANG_CXX_LANGUAGE_STANDARD = "gnu++14";
				CLANG_CXX_LIBRARY = "libc++";
				CLANG_ENABLE_MODULES = YES;
				CLANG_ENABLE_OBJC_ARC = YES;
				CLANG_ENABLE_OBJC_WEAK = YES;
				CLANG_WARN_BLOCK_CAPTURE_AUTORELEASING = YES;
				CLANG_WARN_BOOL_CONVERSION = YES;
				CLANG_WARN_COMMA = YES;
				CLANG_WARN_CONSTANT_CONVERSION = YES;
				CLANG_WARN_DEPRECATED_OBJC_IMPLEMENTATIONS = YES;
				CLANG_WARN_DIRECT_OBJC_ISA_USAGE = YES_ERROR;
				CLANG_WARN_DOCUMENTATION_COMMENTS = YES;
				CLANG_WARN_EMPTY_BODY = YES;
				CLANG_WARN_ENUM_CONVERSION = YES;
				CLANG_WARN_INFINITE_RECURSION = YES;
				CLANG_WARN_INT_CONVERSION = YES;
				CLANG_WARN_NON_LITERAL_NULL_CONVERSION = YES;
				CLANG_WARN_OBJC_IMPLICIT_RETAIN_SELF = YES;
				CLANG_WARN_OBJC_LITERAL_CONVERSION = YES;
				CLANG_WARN_OBJC_ROOT_CLASS = YES_ERROR;
				CLANG_WARN_RANGE_LOOP_ANALYSIS = YES;
				CLANG_WARN_STRICT_PROTOTYPES = YES;
				CLANG_WARN_SUSPICIOUS_MOVE = YES;
				CLANG_WARN_UNGUARDED_AVAILABILITY = YES_AGGRESSIVE;
				CLANG_WARN_UNREACHABLE_CODE = YES;
				CLANG_WARN__DUPLICATE_METHOD_MATCH = YES;
				CODE_SIGN_IDENTITY = "iPhone Developer";
				COPY_PHASE_STRIP = NO;
				DEBUG_INFORMATION_FORMAT = "dwarf-with-dsym";
				ENABLE_NS_ASSERTIONS = NO;
				ENABLE_STRICT_OBJC_MSGSEND = YES;
				GCC_C_LANGUAGE_STANDARD = gnu11;
				GCC_NO_COMMON_BLOCKS = YES;
				GCC_WARN_64_TO_32_BIT_CONVERSION = YES;
				GCC_WARN_ABOUT_RETURN_TYPE = YES_ERROR;
				GCC_WARN_UNDECLARED_SELECTOR = YES;
				GCC_WARN_UNINITIALIZED_AUTOS = YES_AGGRESSIVE;
				GCC_WARN_UNUSED_FUNCTION = YES;
				GCC_WARN_UNUSED_VARIABLE = YES;
				IPHONEOS_DEPLOYMENT_TARGET = 12.0;
				MTL_ENABLE_DEBUG_INFO = NO;
				MTL_FAST_MATH = YES;
				SDKROOT = iphoneos;
				SWIFT_COMPILATION_MODE = wholemodule;
				SWIFT_OPTIMIZATION_LEVEL = "-O";
				VALIDATE_PRODUCT = YES;
			};
			name = Release;
		};
		A3A9BD2D218785DB00B7206E /* Debug */ = {
			isa = XCBuildConfiguration;
			buildSettings = {
				ASSETCATALOG_COMPILER_APPICON_NAME = AppIcon;
				CODE_SIGN_STYLE = Automatic;
				DEVELOPMENT_TEAM = 8S277Q6222;
				INFOPLIST_FILE = "Nota Bina/Info.plist";
				LD_RUNPATH_SEARCH_PATHS = (
					"$(inherited)",
					"@executable_path/Frameworks",
				);
				PRODUCT_BUNDLE_IDENTIFIER = "com.tryvin.Nota-Bina";
				PRODUCT_NAME = "$(TARGET_NAME)";
				SWIFT_VERSION = 4.2;
				TARGETED_DEVICE_FAMILY = "1,2";
			};
			name = Debug;
		};
		A3A9BD2E218785DB00B7206E /* Release */ = {
			isa = XCBuildConfiguration;
			buildSettings = {
				ASSETCATALOG_COMPILER_APPICON_NAME = AppIcon;
				CODE_SIGN_STYLE = Automatic;
				DEVELOPMENT_TEAM = 8S277Q6222;
				INFOPLIST_FILE = "Nota Bina/Info.plist";
				LD_RUNPATH_SEARCH_PATHS = (
					"$(inherited)",
					"@executable_path/Frameworks",
				);
				PRODUCT_BUNDLE_IDENTIFIER = "com.tryvin.Nota-Bina";
				PRODUCT_NAME = "$(TARGET_NAME)";
				SWIFT_VERSION = 4.2;
				TARGETED_DEVICE_FAMILY = "1,2";
			};
			name = Release;
		};
/* End XCBuildConfiguration section */

/* Begin XCConfigurationList section */
		A3A9BD12218785D300B7206E /* Build configuration list for PBXProject "Nota Bina" */ = {
			isa = XCConfigurationList;
			buildConfigurations = (
				A3A9BD2A218785DB00B7206E /* Debug */,
				A3A9BD2B218785DB00B7206E /* Release */,
			);
			defaultConfigurationIsVisible = 0;
			defaultConfigurationName = Release;
		};
		A3A9BD2C218785DB00B7206E /* Build configuration list for PBXNativeTarget "Nota Bina" */ = {
			isa = XCConfigurationList;
			buildConfigurations = (
				A3A9BD2D218785DB00B7206E /* Debug */,
				A3A9BD2E218785DB00B7206E /* Release */,
			);
			defaultConfigurationIsVisible = 0;
			defaultConfigurationName = Release;
		};
/* End XCConfigurationList section */

/* Begin XCVersionGroup section */
		A3A9BD21218785D300B7206E /* Nota_Bina.xcdatamodeld */ = {
			isa = XCVersionGroup;
			children = (
				A3A9BD22218785D300B7206E /* Nota_Bina.xcdatamodel */,
			);
			currentVersion = A3A9BD22218785D300B7206E /* Nota_Bina.xcdatamodel */;
			path = Nota_Bina.xcdatamodeld;
			sourceTree = "<group>";
			versionGroupType = wrapper.xcdatamodel;
		};
/* End XCVersionGroup section */
	};
	rootObject = A3A9BD0F218785D300B7206E /* Project object */;
}
